
Microsoft Visual Studio Solution File, Format Version 12.00
Project("{FAE04EC0-301F-11D3-BF4B-00C04F79EFBC}") = "TeaShop", "TeaShop\TeaShop.csproj", "{C3F62092-DFB0-4927-B0FC-FBF0D79DB455}"
EndProject
Project("{FAE04EC0-301F-11D3-BF4B-00C04F79EFBC}") = "TeaShop.UnitTest", "TeaShop.UnitTest\TeaShop.UnitTest.csproj", "{0A6A759C-AA39-4158-81CE-CA3A39322AA6}"
EndProject
Global
	GlobalSection(SolutionConfigurationPlatforms) = preSolution
		Debug|Any CPU = Debug|Any CPU
		Debug|x64 = Debug|x64
		Debug|x86 = Debug|x86
		Release|Any CPU = Release|Any CPU
		Release|x64 = Release|x64
		Release|x86 = Release|x86
	EndGlobalSection
	GlobalSection(ProjectConfigurationPlatforms) = postSolution
		{C3F62092-DFB0-4927-B0FC-FBF0D79DB455}.Debug|Any CPU.ActiveCfg = Debug|Any CPU
		{C3F62092-DFB0-4927-B0FC-FBF0D79DB455}.Debug|Any CPU.Build.0 = Debug|Any CPU
		{C3F62092-DFB0-4927-B0FC-FBF0D79DB455}.Debug|x64.ActiveCfg = Debug|Any CPU
		{C3F62092-DFB0-4927-B0FC-FBF0D79DB455}.Debug|x64.Build.0 = Debug|Any CPU
		{C3F62092-DFB0-4927-B0FC-FBF0D79DB455}.Debug|x86.ActiveCfg = Debug|Any CPU
		{C3F62092-DFB0-4927-B0FC-FBF0D79DB455}.Debug|x86.Build.0 = Debug|Any CPU
		{C3F62092-DFB0-4927-B0FC-FBF0D79DB455}.Release|Any CPU.ActiveCfg = Release|Any CPU
		{C3F62092-DFB0-4927-B0FC-FBF0D79DB455}.Release|Any CPU.Build.0 = Release|Any CPU
		{C3F62092-DFB0-4927-B0FC-FBF0D79DB455}.Release|x64.ActiveCfg = Release|Any CPU
		{C3F62092-DFB0-4927-B0FC-FBF0D79DB455}.Release|x64.Build.0 = Release|Any CPU
		{C3F62092-DFB0-4927-B0FC-FBF0D79DB455}.Release|x86.ActiveCfg = Release|Any CPU
		{C3F62092-DFB0-4927-B0FC-FBF0D79DB455}.Release|x86.Build.0 = Release|Any CPU
		{0A6A759C-AA39-4158-81CE-CA3A39322AA6}.Debug|Any CPU.ActiveCfg = Debug|Any CPU
		{0A6A759C-AA39-4158-81CE-CA3A39322AA6}.Debug|Any CPU.Build.0 = Debug|Any CPU
		{0A6A759C-AA39-4158-81CE-CA3A39322AA6}.Debug|x64.ActiveCfg = Debug|Any CPU
		{0A6A759C-AA39-4158-81CE-CA3A39322AA6}.Debug|x64.Build.0 = Debug|Any CPU
		{0A6A759C-AA39-4158-81CE-CA3A39322AA6}.Debug|x86.ActiveCfg = Debug|Any CPU
		{0A6A759C-AA39-4158-81CE-CA3A39322AA6}.Debug|x86.Build.0 = Debug|Any CPU
		{0A6A759C-AA39-4158-81CE-CA3A39322AA6}.Release|Any CPU.ActiveCfg = Release|Any CPU
		{0A6A759C-AA39-4158-81CE-CA3A39322AA6}.Release|Any CPU.Build.0 = Release|Any CPU
		{0A6A759C-AA39-4158-81CE-CA3A39322AA6}.Release|x64.ActiveCfg = Release|Any CPU
		{0A6A759C-AA39-4158-81CE-CA3A39322AA6}.Release|x64.Build.0 = Release|Any CPU
		{0A6A759C-AA39-4158-81CE-CA3A39322AA6}.Release|x86.ActiveCfg = Release|Any CPU
		{0A6A759C-AA39-4158-81CE-CA3A39322AA6}.Release|x86.Build.0 = Release|Any CPU
	EndGlobalSection
	GlobalSection(SolutionProperties) = preSolution
		HideSolutionNode = FALSE
	EndGlobalSection
EndGlobal
